
Microsoft Visual Studio Solution File, Format Version 12.00
# Visual Studio Version 17
VisualStudioVersion = 17.3.32901.215
MinimumVisualStudioVersion = 10.0.40219.1
Project("{8BC9CEB8-8B4A-11D0-8D11-00A0C91BC942}") = "tabulation homework 2", "tabulation homework 2\tabulation homework 2.vcxproj", "{DECEF343-CAAE-47FE-9075-ADF2905A8E4F}"
EndProject
Global
	GlobalSection(SolutionConfigurationPlatforms) = preSolution
		Debug|x64 = Debug|x64
		Debug|x86 = Debug|x86
		Release|x64 = Release|x64
		Release|x86 = Release|x86
	EndGlobalSection
	GlobalSection(ProjectConfigurationPlatforms) = postSolution
		{DECEF343-CAAE-47FE-9075-ADF2905A8E4F}.Debug|x64.ActiveCfg = Debug|x64
		{DECEF343-CAAE-47FE-9075-ADF2905A8E4F}.Debug|x64.Build.0 = Debug|x64
		{DECEF343-CAAE-47FE-9075-ADF2905A8E4F}.Debug|x86.ActiveCfg = Debug|Win32
		{DECEF343-CAAE-47FE-9075-ADF2905A8E4F}.Debug|x86.Build.0 = Debug|Win32
		{DECEF343-CAAE-47FE-9075-ADF2905A8E4F}.Release|x64.ActiveCfg = Release|x64
		{DECEF343-CAAE-47FE-9075-ADF2905A8E4F}.Release|x64.Build.0 = Release|x64
		{DECEF343-CAAE-47FE-9075-ADF2905A8E4F}.Release|x86.ActiveCfg = Release|Win32
		{DECEF343-CAAE-47FE-9075-ADF2905A8E4F}.Release|x86.Build.0 = Release|Win32
	EndGlobalSection
	GlobalSection(SolutionProperties) = preSolution
		HideSolutionNode = FALSE
	EndGlobalSection
	GlobalSection(ExtensibilityGlobals) = postSolution
		SolutionGuid = {E019470C-F63A-48E9-853A-49E6FF864BFA}
	EndGlobalSection
EndGlobal
