
Microsoft Visual Studio Solution File, Format Version 12.00
# Visual Studio Version 17
VisualStudioVersion = 17.3.32901.215
MinimumVisualStudioVersion = 10.0.40219.1
Project("{8BC9CEB8-8B4A-11D0-8D11-00A0C91BC942}") = "template function homework", "template function homework\template function homework.vcxproj", "{1879C809-6F95-49BA-9C81-6D23C3ED5C81}"
EndProject
Global
	GlobalSection(SolutionConfigurationPlatforms) = preSolution
		Debug|x64 = Debug|x64
		Debug|x86 = Debug|x86
		Release|x64 = Release|x64
		Release|x86 = Release|x86
	EndGlobalSection
	GlobalSection(ProjectConfigurationPlatforms) = postSolution
		{1879C809-6F95-49BA-9C81-6D23C3ED5C81}.Debug|x64.ActiveCfg = Debug|x64
		{1879C809-6F95-49BA-9C81-6D23C3ED5C81}.Debug|x64.Build.0 = Debug|x64
		{1879C809-6F95-49BA-9C81-6D23C3ED5C81}.Debug|x86.ActiveCfg = Debug|Win32
		{1879C809-6F95-49BA-9C81-6D23C3ED5C81}.Debug|x86.Build.0 = Debug|Win32
		{1879C809-6F95-49BA-9C81-6D23C3ED5C81}.Release|x64.ActiveCfg = Release|x64
		{1879C809-6F95-49BA-9C81-6D23C3ED5C81}.Release|x64.Build.0 = Release|x64
		{1879C809-6F95-49BA-9C81-6D23C3ED5C81}.Release|x86.ActiveCfg = Release|Win32
		{1879C809-6F95-49BA-9C81-6D23C3ED5C81}.Release|x86.Build.0 = Release|Win32
	EndGlobalSection
	GlobalSection(SolutionProperties) = preSolution
		HideSolutionNode = FALSE
	EndGlobalSection
	GlobalSection(ExtensibilityGlobals) = postSolution
		SolutionGuid = {B3D56B20-7833-43D3-91A9-C3BA3FE5560B}
	EndGlobalSection
EndGlobal
