
Microsoft Visual Studio Solution File, Format Version 12.00
# Visual Studio Version 17
VisualStudioVersion = 17.3.32901.215
MinimumVisualStudioVersion = 10.0.40219.1
Project("{8BC9CEB8-8B4A-11D0-8D11-00A0C91BC942}") = "tabulation classwork", "tabulation classwork\tabulation classwork.vcxproj", "{D039C248-B961-4246-9883-6C2930783374}"
EndProject
Global
	GlobalSection(SolutionConfigurationPlatforms) = preSolution
		Debug|x64 = Debug|x64
		Debug|x86 = Debug|x86
		Release|x64 = Release|x64
		Release|x86 = Release|x86
	EndGlobalSection
	GlobalSection(ProjectConfigurationPlatforms) = postSolution
		{D039C248-B961-4246-9883-6C2930783374}.Debug|x64.ActiveCfg = Debug|x64
		{D039C248-B961-4246-9883-6C2930783374}.Debug|x64.Build.0 = Debug|x64
		{D039C248-B961-4246-9883-6C2930783374}.Debug|x86.ActiveCfg = Debug|Win32
		{D039C248-B961-4246-9883-6C2930783374}.Debug|x86.Build.0 = Debug|Win32
		{D039C248-B961-4246-9883-6C2930783374}.Release|x64.ActiveCfg = Release|x64
		{D039C248-B961-4246-9883-6C2930783374}.Release|x64.Build.0 = Release|x64
		{D039C248-B961-4246-9883-6C2930783374}.Release|x86.ActiveCfg = Release|Win32
		{D039C248-B961-4246-9883-6C2930783374}.Release|x86.Build.0 = Release|Win32
	EndGlobalSection
	GlobalSection(SolutionProperties) = preSolution
		HideSolutionNode = FALSE
	EndGlobalSection
	GlobalSection(ExtensibilityGlobals) = postSolution
		SolutionGuid = {49A7025A-7720-4EEC-BC05-5AEACAE409FC}
	EndGlobalSection
EndGlobal
