
Microsoft Visual Studio Solution File, Format Version 12.00
# Visual Studio Version 17
VisualStudioVersion = 17.3.32901.215
MinimumVisualStudioVersion = 10.0.40219.1
Project("{8BC9CEB8-8B4A-11D0-8D11-00A0C91BC942}") = "Project4", "Project4\Project4.vcxproj", "{7DEE6046-D17F-4F9B-8801-AF0869091C2A}"
EndProject
Global
	GlobalSection(SolutionConfigurationPlatforms) = preSolution
		Debug|x64 = Debug|x64
		Debug|x86 = Debug|x86
		Release|x64 = Release|x64
		Release|x86 = Release|x86
	EndGlobalSection
	GlobalSection(ProjectConfigurationPlatforms) = postSolution
		{7DEE6046-D17F-4F9B-8801-AF0869091C2A}.Debug|x64.ActiveCfg = Debug|x64
		{7DEE6046-D17F-4F9B-8801-AF0869091C2A}.Debug|x64.Build.0 = Debug|x64
		{7DEE6046-D17F-4F9B-8801-AF0869091C2A}.Debug|x86.ActiveCfg = Debug|Win32
		{7DEE6046-D17F-4F9B-8801-AF0869091C2A}.Debug|x86.Build.0 = Debug|Win32
		{7DEE6046-D17F-4F9B-8801-AF0869091C2A}.Release|x64.ActiveCfg = Release|x64
		{7DEE6046-D17F-4F9B-8801-AF0869091C2A}.Release|x64.Build.0 = Release|x64
		{7DEE6046-D17F-4F9B-8801-AF0869091C2A}.Release|x86.ActiveCfg = Release|Win32
		{7DEE6046-D17F-4F9B-8801-AF0869091C2A}.Release|x86.Build.0 = Release|Win32
	EndGlobalSection
	GlobalSection(SolutionProperties) = preSolution
		HideSolutionNode = FALSE
	EndGlobalSection
	GlobalSection(ExtensibilityGlobals) = postSolution
		SolutionGuid = {60207335-8810-484A-9E5D-999359889D2F}
	EndGlobalSection
EndGlobal
